// !$*UTF8*$!
{
	archiveVersion = 1;
	classes = {
	};
	objectVersion = 48;
	objects = {

/* Begin PBXBuildFile section */
		042CA22F1FEDF44F000F50FA /* TimelineViewController.swift in Sources */ = {isa = PBXBuildFile; fileRef = 042CA22E1FEDF44F000F50FA /* TimelineViewController.swift */; };
		042CA2311FEE089B000F50FA /* TwitterKitResources.bundle in Resources */ = {isa = PBXBuildFile; fileRef = 042CA2301FEE089B000F50FA /* TwitterKitResources.bundle */; };
		042CA23B1FEE0D56000F50FA /* ticon1.png in Resources */ = {isa = PBXBuildFile; fileRef = 042CA2391FEE0D56000F50FA /* ticon1.png */; };
		042CA23C1FEE0D56000F50FA /* ticon2.png in Resources */ = {isa = PBXBuildFile; fileRef = 042CA23A1FEE0D56000F50FA /* ticon2.png */; };
		044441891FEB750400F49EAD /* AppDelegate.swift in Sources */ = {isa = PBXBuildFile; fileRef = 044441881FEB750400F49EAD /* AppDelegate.swift */; };
		0444418E1FEB750400F49EAD /* Main.storyboard in Resources */ = {isa = PBXBuildFile; fileRef = 0444418C1FEB750400F49EAD /* Main.storyboard */; };
		044441901FEB750400F49EAD /* Assets.xcassets in Resources */ = {isa = PBXBuildFile; fileRef = 0444418F1FEB750400F49EAD /* Assets.xcassets */; };
		044441931FEB750400F49EAD /* LaunchScreen.storyboard in Resources */ = {isa = PBXBuildFile; fileRef = 044441911FEB750400F49EAD /* LaunchScreen.storyboard */; };
		04584D9C1FF04C17007CB935 /* searchIcon.png in Resources */ = {isa = PBXBuildFile; fileRef = 04584D9B1FF04C17007CB935 /* searchIcon.png */; };
		04584D9E1FF04CD2007CB935 /* SearchTableViewController.swift in Sources */ = {isa = PBXBuildFile; fileRef = 04584D9D1FF04CD2007CB935 /* SearchTableViewController.swift */; };
		04584DA01FF058FC007CB935 /* TweetIDTableViewController.swift in Sources */ = {isa = PBXBuildFile; fileRef = 04584D9F1FF058FC007CB935 /* TweetIDTableViewController.swift */; };
		04584DA21FF06EB8007CB935 /* TweetTableViewCell.swift in Sources */ = {isa = PBXBuildFile; fileRef = 04584DA11FF06EB8007CB935 /* TweetTableViewCell.swift */; };
		04AD0B351FF1845000123913 /* DestTableViewController.swift in Sources */ = {isa = PBXBuildFile; fileRef = 04AD0B341FF1845000123913 /* DestTableViewController.swift */; };
		04DBB3DC1FF2F64D00128B54 /* TweetIDImageTableViewCell.swift in Sources */ = {isa = PBXBuildFile; fileRef = 04DBB3DB1FF2F64D00128B54 /* TweetIDImageTableViewCell.swift */; };
		04DBB3DE1FF3261200128B54 /* UserDefaultOperations.swift in Sources */ = {isa = PBXBuildFile; fileRef = 04DBB3DD1FF3261200128B54 /* UserDefaultOperations.swift */; };
		04DBB3E01FF3349D00128B54 /* histIcon.png in Resources */ = {isa = PBXBuildFile; fileRef = 04DBB3DF1FF3349D00128B54 /* histIcon.png */; };
		04DBB3E21FF335EB00128B54 /* HistoryTableViewController.swift in Sources */ = {isa = PBXBuildFile; fileRef = 04DBB3E11FF335EB00128B54 /* HistoryTableViewController.swift */; };
		17FB4D8E513C4D1094989FCD /* Pods_FirstTwitterClient.framework in Frameworks */ = {isa = PBXBuildFile; fileRef = EA06A44E8E0B194C75A5B3DE /* Pods_FirstTwitterClient.framework */; };
/* End PBXBuildFile section */

/* Begin PBXCopyFilesBuildPhase section */
		044441A01FEB756100F49EAD /* Embed Frameworks */ = {
			isa = PBXCopyFilesBuildPhase;
			buildActionMask = 2147483647;
			dstPath = "";
			dstSubfolderSpec = 10;
			files = (
			);
			name = "Embed Frameworks";
			runOnlyForDeploymentPostprocessing = 0;
		};
/* End PBXCopyFilesBuildPhase section */

/* Begin PBXFileReference section */
		042CA22E1FEDF44F000F50FA /* TimelineViewController.swift */ = {isa = PBXFileReference; lastKnownFileType = sourcecode.swift; path = TimelineViewController.swift; sourceTree = "<group>"; };
		042CA2301FEE089B000F50FA /* TwitterKitResources.bundle */ = {isa = PBXFileReference; lastKnownFileType = "wrapper.plug-in"; name = TwitterKitResources.bundle; path = Pods/TwitterKit/iOS/TwitterKit.framework/TwitterKitResources.bundle; sourceTree = "<group>"; };
		042CA2391FEE0D56000F50FA /* ticon1.png */ = {isa = PBXFileReference; lastKnownFileType = image.png; name = ticon1.png; path = Assets.xcassets/ticon1.png; sourceTree = "<group>"; };
		042CA23A1FEE0D56000F50FA /* ticon2.png */ = {isa = PBXFileReference; lastKnownFileType = image.png; name = ticon2.png; path = Assets.xcassets/ticon2.png; sourceTree = "<group>"; };
		044441851FEB750400F49EAD /* FirstTwitterClient.app */ = {isa = PBXFileReference; explicitFileType = wrapper.application; includeInIndex = 0; path = FirstTwitterClient.app; sourceTree = BUILT_PRODUCTS_DIR; };
		044441881FEB750400F49EAD /* AppDelegate.swift */ = {isa = PBXFileReference; lastKnownFileType = sourcecode.swift; path = AppDelegate.swift; sourceTree = "<group>"; };
		0444418D1FEB750400F49EAD /* Base */ = {isa = PBXFileReference; lastKnownFileType = file.storyboard; name = Base; path = Base.lproj/Main.storyboard; sourceTree = "<group>"; };
		0444418F1FEB750400F49EAD /* Assets.xcassets */ = {isa = PBXFileReference; lastKnownFileType = folder.assetcatalog; path = Assets.xcassets; sourceTree = "<group>"; };
		044441921FEB750400F49EAD /* Base */ = {isa = PBXFileReference; lastKnownFileType = file.storyboard; name = Base; path = Base.lproj/LaunchScreen.storyboard; sourceTree = "<group>"; };
		044441941FEB750400F49EAD /* Info.plist */ = {isa = PBXFileReference; lastKnownFileType = text.plist.xml; path = Info.plist; sourceTree = "<group>"; };
		04584D9B1FF04C17007CB935 /* searchIcon.png */ = {isa = PBXFileReference; lastKnownFileType = image.png; name = searchIcon.png; path = Assets.xcassets/searchIcon.png; sourceTree = "<group>"; };
		04584D9D1FF04CD2007CB935 /* SearchTableViewController.swift */ = {isa = PBXFileReference; lastKnownFileType = sourcecode.swift; path = SearchTableViewController.swift; sourceTree = "<group>"; };
		04584D9F1FF058FC007CB935 /* TweetIDTableViewController.swift */ = {isa = PBXFileReference; lastKnownFileType = sourcecode.swift; path = TweetIDTableViewController.swift; sourceTree = "<group>"; };
		04584DA11FF06EB8007CB935 /* TweetTableViewCell.swift */ = {isa = PBXFileReference; lastKnownFileType = sourcecode.swift; path = TweetTableViewCell.swift; sourceTree = "<group>"; };
		04AD0B341FF1845000123913 /* DestTableViewController.swift */ = {isa = PBXFileReference; lastKnownFileType = sourcecode.swift; path = DestTableViewController.swift; sourceTree = "<group>"; };
		04DBB3DB1FF2F64D00128B54 /* TweetIDImageTableViewCell.swift */ = {isa = PBXFileReference; lastKnownFileType = sourcecode.swift; path = TweetIDImageTableViewCell.swift; sourceTree = "<group>"; };
		04DBB3DD1FF3261200128B54 /* UserDefaultOperations.swift */ = {isa = PBXFileReference; lastKnownFileType = sourcecode.swift; path = UserDefaultOperations.swift; sourceTree = "<group>"; };
		04DBB3DF1FF3349D00128B54 /* histIcon.png */ = {isa = PBXFileReference; lastKnownFileType = image.png; name = histIcon.png; path = Assets.xcassets/histIcon.png; sourceTree = "<group>"; };
		04DBB3E11FF335EB00128B54 /* HistoryTableViewController.swift */ = {isa = PBXFileReference; lastKnownFileType = sourcecode.swift; name = HistoryTableViewController.swift; path = Assets.xcassets/HistoryTableViewController.swift; sourceTree = "<group>"; };
		2469FB4776EDC2516E799645 /* Pods-FirstTwitterClient.release.xcconfig */ = {isa = PBXFileReference; includeInIndex = 1; lastKnownFileType = text.xcconfig; name = "Pods-FirstTwitterClient.release.xcconfig"; path = "Pods/Target Support Files/Pods-FirstTwitterClient/Pods-FirstTwitterClient.release.xcconfig"; sourceTree = "<group>"; };
		2E2B5EC5604537CE96152616 /* Pods-FirstTwitterClient.debug.xcconfig */ = {isa = PBXFileReference; includeInIndex = 1; lastKnownFileType = text.xcconfig; name = "Pods-FirstTwitterClient.debug.xcconfig"; path = "Pods/Target Support Files/Pods-FirstTwitterClient/Pods-FirstTwitterClient.debug.xcconfig"; sourceTree = "<group>"; };
		EA06A44E8E0B194C75A5B3DE /* Pods_FirstTwitterClient.framework */ = {isa = PBXFileReference; explicitFileType = wrapper.framework; includeInIndex = 0; path = Pods_FirstTwitterClient.framework; sourceTree = BUILT_PRODUCTS_DIR; };
/* End PBXFileReference section */

/* Begin PBXFrameworksBuildPhase section */
		044441821FEB750400F49EAD /* Frameworks */ = {
			isa = PBXFrameworksBuildPhase;
			buildActionMask = 2147483647;
			files = (
				17FB4D8E513C4D1094989FCD /* Pods_FirstTwitterClient.framework in Frameworks */,
			);
			runOnlyForDeploymentPostprocessing = 0;
		};
/* End PBXFrameworksBuildPhase section */

/* Begin PBXGroup section */
		0443E2561FEB779800800E72 /* Frameworks */ = {
			isa = PBXGroup;
			children = (
				EA06A44E8E0B194C75A5B3DE /* Pods_FirstTwitterClient.framework */,
			);
			name = Frameworks;
			sourceTree = "<group>";
		};
		0444417C1FEB750400F49EAD = {
			isa = PBXGroup;
			children = (
				042CA2301FEE089B000F50FA /* TwitterKitResources.bundle */,
				044441871FEB750400F49EAD /* FirstTwitterClient */,
				044441861FEB750400F49EAD /* Products */,
				0443E2561FEB779800800E72 /* Frameworks */,
				B1DBA3F339BD60623ED879AD /* Pods */,
			);
			sourceTree = "<group>";
		};
		044441861FEB750400F49EAD /* Products */ = {
			isa = PBXGroup;
			children = (
				044441851FEB750400F49EAD /* FirstTwitterClient.app */,
			);
			name = Products;
			sourceTree = "<group>";
		};
		044441871FEB750400F49EAD /* FirstTwitterClient */ = {
			isa = PBXGroup;
			children = (
				04584DA11FF06EB8007CB935 /* TweetTableViewCell.swift */,
				044441881FEB750400F49EAD /* AppDelegate.swift */,
				0444418C1FEB750400F49EAD /* Main.storyboard */,
				0444418F1FEB750400F49EAD /* Assets.xcassets */,
				04DBB3DF1FF3349D00128B54 /* histIcon.png */,
				04584D9B1FF04C17007CB935 /* searchIcon.png */,
				042CA2391FEE0D56000F50FA /* ticon1.png */,
				042CA23A1FEE0D56000F50FA /* ticon2.png */,
				044441911FEB750400F49EAD /* LaunchScreen.storyboard */,
				044441941FEB750400F49EAD /* Info.plist */,
				042CA22E1FEDF44F000F50FA /* TimelineViewController.swift */,
				04584D9D1FF04CD2007CB935 /* SearchTableViewController.swift */,
				04584D9F1FF058FC007CB935 /* TweetIDTableViewController.swift */,
				04AD0B341FF1845000123913 /* DestTableViewController.swift */,
				04DBB3DB1FF2F64D00128B54 /* TweetIDImageTableViewCell.swift */,
				04DBB3DD1FF3261200128B54 /* UserDefaultOperations.swift */,
				04DBB3E11FF335EB00128B54 /* HistoryTableViewController.swift */,
			);
			path = FirstTwitterClient;
			sourceTree = "<group>";
		};
		B1DBA3F339BD60623ED879AD /* Pods */ = {
			isa = PBXGroup;
			children = (
				2E2B5EC5604537CE96152616 /* Pods-FirstTwitterClient.debug.xcconfig */,
				2469FB4776EDC2516E799645 /* Pods-FirstTwitterClient.release.xcconfig */,
			);
			name = Pods;
			sourceTree = "<group>";
		};
/* End PBXGroup section */

/* Begin PBXNativeTarget section */
		044441841FEB750400F49EAD /* FirstTwitterClient */ = {
			isa = PBXNativeTarget;
			buildConfigurationList = 044441971FEB750400F49EAD /* Build configuration list for PBXNativeTarget "FirstTwitterClient" */;
			buildPhases = (
				371BFB9F85BA1D5480025036 /* [CP] Check Pods Manifest.lock */,
				044441811FEB750400F49EAD /* Sources */,
				044441821FEB750400F49EAD /* Frameworks */,
				044441831FEB750400F49EAD /* Resources */,
				044441A01FEB756100F49EAD /* Embed Frameworks */,
				EC9488690BBC5E2474B70E90 /* [CP] Embed Pods Frameworks */,
				04117BEB6CA3985CA60BBE61 /* [CP] Copy Pods Resources */,
			);
			buildRules = (
			);
			dependencies = (
			);
			name = FirstTwitterClient;
			productName = FirstTwitterClient;
			productReference = 044441851FEB750400F49EAD /* FirstTwitterClient.app */;
			productType = "com.apple.product-type.application";
		};
/* End PBXNativeTarget section */

/* Begin PBXProject section */
		0444417D1FEB750400F49EAD /* Project object */ = {
			isa = PBXProject;
			attributes = {
				LastSwiftUpdateCheck = 0920;
				LastUpgradeCheck = 0920;
				ORGANIZATIONNAME = "Jing Wei Li";
				TargetAttributes = {
					044441841FEB750400F49EAD = {
						CreatedOnToolsVersion = 9.2;
						ProvisioningStyle = Automatic;
					};
				};
			};
			buildConfigurationList = 044441801FEB750400F49EAD /* Build configuration list for PBXProject "FirstTwitterClient" */;
			compatibilityVersion = "Xcode 8.0";
			developmentRegion = en;
			hasScannedForEncodings = 0;
			knownRegions = (
				en,
				Base,
			);
			mainGroup = 0444417C1FEB750400F49EAD;
			productRefGroup = 044441861FEB750400F49EAD /* Products */;
			projectDirPath = "";
			projectRoot = "";
			targets = (
				044441841FEB750400F49EAD /* FirstTwitterClient */,
			);
		};
/* End PBXProject section */

/* Begin PBXResourcesBuildPhase section */
		044441831FEB750400F49EAD /* Resources */ = {
			isa = PBXResourcesBuildPhase;
			buildActionMask = 2147483647;
			files = (
				04DBB3E01FF3349D00128B54 /* histIcon.png in Resources */,
				044441931FEB750400F49EAD /* LaunchScreen.storyboard in Resources */,
				044441901FEB750400F49EAD /* Assets.xcassets in Resources */,
				0444418E1FEB750400F49EAD /* Main.storyboard in Resources */,
				042CA2311FEE089B000F50FA /* TwitterKitResources.bundle in Resources */,
				042CA23C1FEE0D56000F50FA /* ticon2.png in Resources */,
				042CA23B1FEE0D56000F50FA /* ticon1.png in Resources */,
				04584D9C1FF04C17007CB935 /* searchIcon.png in Resources */,
			);
			runOnlyForDeploymentPostprocessing = 0;
		};
/* End PBXResourcesBuildPhase section */

/* Begin PBXShellScriptBuildPhase section */
		04117BEB6CA3985CA60BBE61 /* [CP] Copy Pods Resources */ = {
			isa = PBXShellScriptBuildPhase;
			buildActionMask = 2147483647;
			files = (
			);
			inputPaths = (
				"${SRCROOT}/Pods/Target Support Files/Pods-FirstTwitterClient/Pods-FirstTwitterClient-resources.sh",
				"${PODS_ROOT}/TwitterKit/iOS/TwitterKit.framework/TwitterKitResources.bundle",
				"${PODS_ROOT}/TwitterKit/iOS/TwitterKit.framework/TwitterShareExtensionUIResources.bundle",
			);
			name = "[CP] Copy Pods Resources";
			outputPaths = (
				"${TARGET_BUILD_DIR}/${UNLOCALIZED_RESOURCES_FOLDER_PATH}",
			);
			runOnlyForDeploymentPostprocessing = 0;
			shellPath = /bin/sh;
			shellScript = "\"${SRCROOT}/Pods/Target Support Files/Pods-FirstTwitterClient/Pods-FirstTwitterClient-resources.sh\"\n";
			showEnvVarsInLog = 0;
		};
		371BFB9F85BA1D5480025036 /* [CP] Check Pods Manifest.lock */ = {
			isa = PBXShellScriptBuildPhase;
			buildActionMask = 2147483647;
			files = (
			);
			inputPaths = (
				"${PODS_PODFILE_DIR_PATH}/Podfile.lock",
				"${PODS_ROOT}/Manifest.lock",
			);
			name = "[CP] Check Pods Manifest.lock";
			outputPaths = (
				"$(DERIVED_FILE_DIR)/Pods-FirstTwitterClient-checkManifestLockResult.txt",
			);
			runOnlyForDeploymentPostprocessing = 0;
			shellPath = /bin/sh;
			shellScript = "diff \"${PODS_PODFILE_DIR_PATH}/Podfile.lock\" \"${PODS_ROOT}/Manifest.lock\" > /dev/null\nif [ $? != 0 ] ; then\n    # print error to STDERR\n    echo \"error: The sandbox is not in sync with the Podfile.lock. Run 'pod install' or update your CocoaPods installation.\" >&2\n    exit 1\nfi\n# This output is used by Xcode 'outputs' to avoid re-running this script phase.\necho \"SUCCESS\" > \"${SCRIPT_OUTPUT_FILE_0}\"\n";
			showEnvVarsInLog = 0;
		};
		EC9488690BBC5E2474B70E90 /* [CP] Embed Pods Frameworks */ = {
			isa = PBXShellScriptBuildPhase;
			buildActionMask = 2147483647;
			files = (
			);
			inputPaths = (
				"${SRCROOT}/Pods/Target Support Files/Pods-FirstTwitterClient/Pods-FirstTwitterClient-frameworks.sh",
				"${PODS_ROOT}/TwitterCore/iOS/TwitterCore.framework",
				"${PODS_ROOT}/TwitterKit/iOS/TwitterKit.framework",
			);
			name = "[CP] Embed Pods Frameworks";
			outputPaths = (
				"${TARGET_BUILD_DIR}/${FRAMEWORKS_FOLDER_PATH}/TwitterCore.framework",
				"${TARGET_BUILD_DIR}/${FRAMEWORKS_FOLDER_PATH}/TwitterKit.framework",
			);
			runOnlyForDeploymentPostprocessing = 0;
			shellPath = /bin/sh;
			shellScript = "\"${SRCROOT}/Pods/Target Support Files/Pods-FirstTwitterClient/Pods-FirstTwitterClient-frameworks.sh\"\n";
			showEnvVarsInLog = 0;
		};
/* End PBXShellScriptBuildPhase section */

/* Begin PBXSourcesBuildPhase section */
		044441811FEB750400F49EAD /* Sources */ = {
			isa = PBXSourcesBuildPhase;
			buildActionMask = 2147483647;
			files = (
				04584DA01FF058FC007CB935 /* TweetIDTableViewController.swift in Sources */,
				04AD0B351FF1845000123913 /* DestTableViewController.swift in Sources */,
				044441891FEB750400F49EAD /* AppDelegate.swift in Sources */,
				042CA22F1FEDF44F000F50FA /* TimelineViewController.swift in Sources */,
				04584DA21FF06EB8007CB935 /* TweetTableViewCell.swift in Sources */,
				04DBB3E21FF335EB00128B54 /* HistoryTableViewController.swift in Sources */,
				04DBB3DC1FF2F64D00128B54 /* TweetIDImageTableViewCell.swift in Sources */,
				04DBB3DE1FF3261200128B54 /* UserDefaultOperations.swift in Sources */,
				04584D9E1FF04CD2007CB935 /* SearchTableViewController.swift in Sources */,
			);
			runOnlyForDeploymentPostprocessing = 0;
		};
/* End PBXSourcesBuildPhase section */

/* Begin PBXVariantGroup section */
		0444418C1FEB750400F49EAD /* Main.storyboard */ = {
			isa = PBXVariantGroup;
			children = (
				0444418D1FEB750400F49EAD /* Base */,
			);
			name = Main.storyboard;
			sourceTree = "<group>";
		};
		044441911FEB750400F49EAD /* LaunchScreen.storyboard */ = {
			isa = PBXVariantGroup;
			children = (
				044441921FEB750400F49EAD /* Base */,
			);
			name = LaunchScreen.storyboard;
			sourceTree = "<group>";
		};
/* End PBXVariantGroup section */

/* Begin XCBuildConfiguration section */
		044441951FEB750400F49EAD /* Debug */ = {
			isa = XCBuildConfiguration;
			buildSettings = {
				ALWAYS_SEARCH_USER_PATHS = NO;
				CLANG_ANALYZER_NONNULL = YES;
				CLANG_ANALYZER_NUMBER_OBJECT_CONVERSION = YES_AGGRESSIVE;
				CLANG_CXX_LANGUAGE_STANDARD = "gnu++14";
				CLANG_CXX_LIBRARY = "libc++";
				CLANG_ENABLE_MODULES = YES;
				CLANG_ENABLE_OBJC_ARC = YES;
				CLANG_WARN_BLOCK_CAPTURE_AUTORELEASING = YES;
				CLANG_WARN_BOOL_CONVERSION = YES;
				CLANG_WARN_COMMA = YES;
				CLANG_WARN_CONSTANT_CONVERSION = YES;
				CLANG_WARN_DIRECT_OBJC_ISA_USAGE = YES_ERROR;
				CLANG_WARN_DOCUMENTATION_COMMENTS = YES;
				CLANG_WARN_EMPTY_BODY = YES;
				CLANG_WARN_ENUM_CONVERSION = YES;
				CLANG_WARN_INFINITE_RECURSION = YES;
				CLANG_WARN_INT_CONVERSION = YES;
				CLANG_WARN_NON_LITERAL_NULL_CONVERSION = YES;
				CLANG_WARN_OBJC_LITERAL_CONVERSION = YES;
				CLANG_WARN_OBJC_ROOT_CLASS = YES_ERROR;
				CLANG_WARN_RANGE_LOOP_ANALYSIS = YES;
				CLANG_WARN_STRICT_PROTOTYPES = YES;
				CLANG_WARN_SUSPICIOUS_MOVE = YES;
				CLANG_WARN_UNGUARDED_AVAILABILITY = YES_AGGRESSIVE;
				CLANG_WARN_UNREACHABLE_CODE = YES;
				CLANG_WARN__DUPLICATE_METHOD_MATCH = YES;
				CODE_SIGN_IDENTITY = "iPhone Developer";
				COPY_PHASE_STRIP = NO;
				DEBUG_INFORMATION_FORMAT = dwarf;
				ENABLE_STRICT_OBJC_MSGSEND = YES;
				ENABLE_TESTABILITY = YES;
				GCC_C_LANGUAGE_STANDARD = gnu11;
				GCC_DYNAMIC_NO_PIC = NO;
				GCC_NO_COMMON_BLOCKS = YES;
				GCC_OPTIMIZATION_LEVEL = 0;
				GCC_PREPROCESSOR_DEFINITIONS = (
					"DEBUG=1",
					"$(inherited)",
				);
				GCC_WARN_64_TO_32_BIT_CONVERSION = YES;
				GCC_WARN_ABOUT_RETURN_TYPE = YES_ERROR;
				GCC_WARN_UNDECLARED_SELECTOR = YES;
				GCC_WARN_UNINITIALIZED_AUTOS = YES_AGGRESSIVE;
				GCC_WARN_UNUSED_FUNCTION = YES;
				GCC_WARN_UNUSED_VARIABLE = YES;
				IPHONEOS_DEPLOYMENT_TARGET = 11.2;
				MTL_ENABLE_DEBUG_INFO = YES;
				ONLY_ACTIVE_ARCH = YES;
				SDKROOT = iphoneos;
				SWIFT_ACTIVE_COMPILATION_CONDITIONS = DEBUG;
				SWIFT_OPTIMIZATION_LEVEL = "-Onone";
			};
			name = Debug;
		};
		044441961FEB750400F49EAD /* Release */ = {
			isa = XCBuildConfiguration;
			buildSettings = {
				ALWAYS_SEARCH_USER_PATHS = NO;
				CLANG_ANALYZER_NONNULL = YES;
				CLANG_ANALYZER_NUMBER_OBJECT_CONVERSION = YES_AGGRESSIVE;
				CLANG_CXX_LANGUAGE_STANDARD = "gnu++14";
				CLANG_CXX_LIBRARY = "libc++";
				CLANG_ENABLE_MODULES = YES;
				CLANG_ENABLE_OBJC_ARC = YES;
				CLANG_WARN_BLOCK_CAPTURE_AUTORELEASING = YES;
				CLANG_WARN_BOOL_CONVERSION = YES;
				CLANG_WARN_COMMA = YES;
				CLANG_WARN_CONSTANT_CONVERSION = YES;
				CLANG_WARN_DIRECT_OBJC_ISA_USAGE = YES_ERROR;
				CLANG_WARN_DOCUMENTATION_COMMENTS = YES;
				CLANG_WARN_EMPTY_BODY = YES;
				CLANG_WARN_ENUM_CONVERSION = YES;
				CLANG_WARN_INFINITE_RECURSION = YES;
				CLANG_WARN_INT_CONVERSION = YES;
				CLANG_WARN_NON_LITERAL_NULL_CONVERSION = YES;
				CLANG_WARN_OBJC_LITERAL_CONVERSION = YES;
				CLANG_WARN_OBJC_ROOT_CLASS = YES_ERROR;
				CLANG_WARN_RANGE_LOOP_ANALYSIS = YES;
				CLANG_WARN_STRICT_PROTOTYPES = YES;
				CLANG_WARN_SUSPICIOUS_MOVE = YES;
				CLANG_WARN_UNGUARDED_AVAILABILITY = YES_AGGRESSIVE;
				CLANG_WARN_UNREACHABLE_CODE = YES;
				CLANG_WARN__DUPLICATE_METHOD_MATCH = YES;
				CODE_SIGN_IDENTITY = "iPhone Developer";
				COPY_PHASE_STRIP = NO;
				DEBUG_INFORMATION_FORMAT = "dwarf-with-dsym";
				ENABLE_NS_ASSERTIONS = NO;
				ENABLE_STRICT_OBJC_MSGSEND = YES;
				GCC_C_LANGUAGE_STANDARD = gnu11;
				GCC_NO_COMMON_BLOCKS = YES;
				GCC_WARN_64_TO_32_BIT_CONVERSION = YES;
				GCC_WARN_ABOUT_RETURN_TYPE = YES_ERROR;
				GCC_WARN_UNDECLARED_SELECTOR = YES;
				GCC_WARN_UNINITIALIZED_AUTOS = YES_AGGRESSIVE;
				GCC_WARN_UNUSED_FUNCTION = YES;
				GCC_WARN_UNUSED_VARIABLE = YES;
				IPHONEOS_DEPLOYMENT_TARGET = 11.2;
				MTL_ENABLE_DEBUG_INFO = NO;
				SDKROOT = iphoneos;
				SWIFT_OPTIMIZATION_LEVEL = "-Owholemodule";
				VALIDATE_PRODUCT = YES;
			};
			name = Release;
		};
		044441981FEB750400F49EAD /* Debug */ = {
			isa = XCBuildConfiguration;
			baseConfigurationReference = 2E2B5EC5604537CE96152616 /* Pods-FirstTwitterClient.debug.xcconfig */;
			buildSettings = {
				ASSETCATALOG_COMPILER_APPICON_NAME = AppIcon;
				CODE_SIGN_STYLE = Automatic;
				DEVELOPMENT_TEAM = NDBTK98VL3;
				FRAMEWORK_SEARCH_PATHS = (
					"$(inherited)",
					"$(PROJECT_DIR)/FirstTwitterClient",
					"$(PROJECT_DIR)",
				);
				INFOPLIST_FILE = FirstTwitterClient/Info.plist;
				LD_RUNPATH_SEARCH_PATHS = "$(inherited) @executable_path/Frameworks";
				PRODUCT_BUNDLE_IDENTIFIER = jingweili.twitterapp.FirstTwitterClient;
				PRODUCT_NAME = "$(TARGET_NAME)";
				SWIFT_VERSION = 4.0;
				TARGETED_DEVICE_FAMILY = "1,2";
			};
			name = Debug;
		};
		044441991FEB750400F49EAD /* Release */ = {
			isa = XCBuildConfiguration;
			baseConfigurationReference = 2469FB4776EDC2516E799645 /* Pods-FirstTwitterClient.release.xcconfig */;
			buildSettings = {
				ASSETCATALOG_COMPILER_APPICON_NAME = AppIcon;
				CODE_SIGN_STYLE = Automatic;
				DEVELOPMENT_TEAM = NDBTK98VL3;
				FRAMEWORK_SEARCH_PATHS = (
					"$(inherited)",
					"$(PROJECT_DIR)/FirstTwitterClient",
					"$(PROJECT_DIR)",
				);
				INFOPLIST_FILE = FirstTwitterClient/Info.plist;
				LD_RUNPATH_SEARCH_PATHS = "$(inherited) @executable_path/Frameworks";
				PRODUCT_BUNDLE_IDENTIFIER = jingweili.twitterapp.FirstTwitterClient;
				PRODUCT_NAME = "$(TARGET_NAME)";
				SWIFT_VERSION = 4.0;
				TARGETED_DEVICE_FAMILY = "1,2";
			};
			name = Release;
		};
/* End XCBuildConfiguration section */

/* Begin XCConfigurationList section */
		044441801FEB750400F49EAD /* Build configuration list for PBXProject "FirstTwitterClient" */ = {
			isa = XCConfigurationList;
			buildConfigurations = (
				044441951FEB750400F49EAD /* Debug */,
				044441961FEB750400F49EAD /* Release */,
			);
			defaultConfigurationIsVisible = 0;
			defaultConfigurationName = Release;
		};
		044441971FEB750400F49EAD /* Build configuration list for PBXNativeTarget "FirstTwitterClient" */ = {
			isa = XCConfigurationList;
			buildConfigurations = (
				044441981FEB750400F49EAD /* Debug */,
				044441991FEB750400F49EAD /* Release */,
			);
			defaultConfigurationIsVisible = 0;
			defaultConfigurationName = Release;
		};
/* End XCConfigurationList section */
	};
	rootObject = 0444417D1FEB750400F49EAD /* Project object */;
}
